PODS:
  - Capacitor (8.3.3):
    - CapacitorCordova
  - CapacitorApp (8.0.1):
    - Capacitor
  - CapacitorCommunitySqlite (8.0.1):
    - Capacitor
    - SQLCipher
    - ZIPFoundation
  - CapacitorCordova (8.3.3)
  - CapacitorHaptics (8.0.1):
    - Capacitor
  - SQLCipher (4.10.0):
    - SQLCipher/standard (= 4.10.0)
  - SQLCipher/common (4.10.0)
  - SQLCipher/standard (4.10.0):
    - SQLCipher/common
  - ZIPFoundation (0.9.20)

DEPENDENCIES:
  - "Capacitor (from `../../node_modules/@capacitor/ios`)"
  - "CapacitorApp (from `../../node_modules/@capacitor/app`)"
  - "CapacitorCommunitySqlite (from `../../node_modules/@capacitor-community/sqlite`)"
  - "CapacitorCordova (from `../../node_modules/@capacitor/ios`)"
  - "CapacitorHaptics (from `../../node_modules/@capacitor/haptics`)"

SPEC REPOS:
  trunk:
    - SQLCipher
    - ZIPFoundation

EXTERNAL SOURCES:
  Capacitor:
    :path: "../../node_modules/@capacitor/ios"
  CapacitorApp:
    :path: "../../node_modules/@capacitor/app"
  CapacitorCommunitySqlite:
    :path: "../../node_modules/@capacitor-community/sqlite"
  CapacitorCordova:
    :path: "../../node_modules/@capacitor/ios"
  CapacitorHaptics:
    :path: "../../node_modules/@capacitor/haptics"

SPEC CHECKSUMS:
  Capacitor: e6868a40e11989d2ba7c00f29ce6bdb3a01f29c1
  CapacitorApp: 942306cd1acf7774a00e89a3986af3a67c8cad7a
  CapacitorCommunitySqlite: b6bcd768fdd12ef1572aff962c4f128945494ebb
  CapacitorCordova: 71cde252d2c3c3e73a9586e85d2354fc8bbf0209
  CapacitorHaptics: 4df2c625445cef39b67ea635a21802bc92df3b82
  SQLCipher: eb79c64049cb002b4e9fcb30edb7979bf4706dfc
  ZIPFoundation: dfd3d681c4053ff7e2f7350bc4e53b5dba3f5351

PODFILE CHECKSUM: 830d89fdc71a30e91280368ad68135feb3494ceb

COCOAPODS: 1.16.2
